
Microsoft Visual Studio Solution File, Format Version 12.00
# Visual Studio Version 17
VisualStudioVersion = 17.9.34607.119
MinimumVisualStudioVersion = 10.0.40219.1
Project("{FAE04EC0-301F-11D3-BF4B-00C04F79EFBC}") = "proyecto", "proyecto\proyecto.csproj", "{49A74D19-3391-4235-A692-61B15E92683A}"
EndProject
Global
	GlobalSection(SolutionConfigurationPlatforms) = preSolution
		Debug|Any CPU = Debug|Any CPU
		Release|Any CPU = Release|Any CPU
	EndGlobalSection
	GlobalSection(ProjectConfigurationPlatforms) = postSolution
		{49A74D19-3391-4235-A692-61B15E92683A}.Debug|Any CPU.ActiveCfg = Debug|Any CPU
		{49A74D19-3391-4235-A692-61B15E92683A}.Debug|Any CPU.Build.0 = Debug|Any CPU
		{49A74D19-3391-4235-A692-61B15E92683A}.Release|Any CPU.ActiveCfg = Release|Any CPU
		{49A74D19-3391-4235-A692-61B15E92683A}.Release|Any CPU.Build.0 = Release|Any CPU
	EndGlobalSection
	GlobalSection(SolutionProperties) = preSolution
		HideSolutionNode = FALSE
	EndGlobalSection
	GlobalSection(ExtensibilityGlobals) = postSolution
		SolutionGuid = {CC50E500-895B-4136-BF83-B81983624A97}
	EndGlobalSection
EndGlobal
